
Microsoft Visual Studio Solution File, Format Version 12.00
# Visual Studio Version 17
VisualStudioVersion = 17.0.32126.317
MinimumVisualStudioVersion = 10.0.40219.1
Project("{8BC9CEB8-8B4A-11D0-8D11-00A0C91BC942}") = "forest2", "forest2\forest2.vcxproj", "{CA168F48-BB96-41A8-87E3-A54EB94C78CE}"
EndProject
Global
	GlobalSection(SolutionConfigurationPlatforms) = preSolution
		Debug|x64 = Debug|x64
		Debug|x86 = Debug|x86
		Release|x64 = Release|x64
		Release|x86 = Release|x86
	EndGlobalSection
	GlobalSection(ProjectConfigurationPlatforms) = postSolution
		{CA168F48-BB96-41A8-87E3-A54EB94C78CE}.Debug|x64.ActiveCfg = Debug|x64
		{CA168F48-BB96-41A8-87E3-A54EB94C78CE}.Debug|x64.Build.0 = Debug|x64
		{CA168F48-BB96-41A8-87E3-A54EB94C78CE}.Debug|x86.ActiveCfg = Debug|Win32
		{CA168F48-BB96-41A8-87E3-A54EB94C78CE}.Debug|x86.Build.0 = Debug|Win32
		{CA168F48-BB96-41A8-87E3-A54EB94C78CE}.Release|x64.ActiveCfg = Release|x64
		{CA168F48-BB96-41A8-87E3-A54EB94C78CE}.Release|x64.Build.0 = Release|x64
		{CA168F48-BB96-41A8-87E3-A54EB94C78CE}.Release|x86.ActiveCfg = Release|Win32
		{CA168F48-BB96-41A8-87E3-A54EB94C78CE}.Release|x86.Build.0 = Release|Win32
	EndGlobalSection
	GlobalSection(SolutionProperties) = preSolution
		HideSolutionNode = FALSE
	EndGlobalSection
	GlobalSection(ExtensibilityGlobals) = postSolution
		SolutionGuid = {E8395AA9-AA21-4359-8568-CD7DD858FA9E}
	EndGlobalSection
EndGlobal
