
Microsoft Visual Studio Solution File, Format Version 12.00
# Visual Studio Version 17
VisualStudioVersion = 17.0.32126.317
MinimumVisualStudioVersion = 10.0.40219.1
Project("{8BC9CEB8-8B4A-11D0-8D11-00A0C91BC942}") = "alg_rabina-karpa", "alg_rabina-karpa\alg_rabina-karpa.vcxproj", "{1D77AD12-C2F5-4D09-B8CB-39EE601F603F}"
EndProject
Global
	GlobalSection(SolutionConfigurationPlatforms) = preSolution
		Debug|x64 = Debug|x64
		Debug|x86 = Debug|x86
		Release|x64 = Release|x64
		Release|x86 = Release|x86
	EndGlobalSection
	GlobalSection(ProjectConfigurationPlatforms) = postSolution
		{1D77AD12-C2F5-4D09-B8CB-39EE601F603F}.Debug|x64.ActiveCfg = Debug|x64
		{1D77AD12-C2F5-4D09-B8CB-39EE601F603F}.Debug|x64.Build.0 = Debug|x64
		{1D77AD12-C2F5-4D09-B8CB-39EE601F603F}.Debug|x86.ActiveCfg = Debug|Win32
		{1D77AD12-C2F5-4D09-B8CB-39EE601F603F}.Debug|x86.Build.0 = Debug|Win32
		{1D77AD12-C2F5-4D09-B8CB-39EE601F603F}.Release|x64.ActiveCfg = Release|x64
		{1D77AD12-C2F5-4D09-B8CB-39EE601F603F}.Release|x64.Build.0 = Release|x64
		{1D77AD12-C2F5-4D09-B8CB-39EE601F603F}.Release|x86.ActiveCfg = Release|Win32
		{1D77AD12-C2F5-4D09-B8CB-39EE601F603F}.Release|x86.Build.0 = Release|Win32
	EndGlobalSection
	GlobalSection(SolutionProperties) = preSolution
		HideSolutionNode = FALSE
	EndGlobalSection
	GlobalSection(ExtensibilityGlobals) = postSolution
		SolutionGuid = {BF0191EE-6B55-4622-B8E1-371B7AAAABE6}
	EndGlobalSection
EndGlobal
