
Microsoft Visual Studio Solution File, Format Version 12.00
# Visual Studio Version 17
VisualStudioVersion = 17.0.32126.317
MinimumVisualStudioVersion = 10.0.40219.1
Project("{8BC9CEB8-8B4A-11D0-8D11-00A0C91BC942}") = "inversii", "inversii\inversii.vcxproj", "{C85B0D65-F9C6-4938-ADE2-A787740C52FC}"
EndProject
Global
	GlobalSection(SolutionConfigurationPlatforms) = preSolution
		Debug|x64 = Debug|x64
		Debug|x86 = Debug|x86
		Release|x64 = Release|x64
		Release|x86 = Release|x86
	EndGlobalSection
	GlobalSection(ProjectConfigurationPlatforms) = postSolution
		{C85B0D65-F9C6-4938-ADE2-A787740C52FC}.Debug|x64.ActiveCfg = Debug|x64
		{C85B0D65-F9C6-4938-ADE2-A787740C52FC}.Debug|x64.Build.0 = Debug|x64
		{C85B0D65-F9C6-4938-ADE2-A787740C52FC}.Debug|x86.ActiveCfg = Debug|Win32
		{C85B0D65-F9C6-4938-ADE2-A787740C52FC}.Debug|x86.Build.0 = Debug|Win32
		{C85B0D65-F9C6-4938-ADE2-A787740C52FC}.Release|x64.ActiveCfg = Release|x64
		{C85B0D65-F9C6-4938-ADE2-A787740C52FC}.Release|x64.Build.0 = Release|x64
		{C85B0D65-F9C6-4938-ADE2-A787740C52FC}.Release|x86.ActiveCfg = Release|Win32
		{C85B0D65-F9C6-4938-ADE2-A787740C52FC}.Release|x86.Build.0 = Release|Win32
	EndGlobalSection
	GlobalSection(SolutionProperties) = preSolution
		HideSolutionNode = FALSE
	EndGlobalSection
	GlobalSection(ExtensibilityGlobals) = postSolution
		SolutionGuid = {77AA0A1F-6A14-4647-A385-7630F07384F1}
	EndGlobalSection
EndGlobal
